<?xml version="1.0" encoding="utf-8"?>
<Project ToolsVersion="15.0" xmlns="http://schemas.microsoft.com/developer/msbuild/2003">
  <ItemGroup>
    <ClCompile Include="C:\Users\Alex\Desktop\comp3501\test final\EnvMapDemo\asteroid.cpp">
      <Filter>Source Files</Filter>
    </ClCompile>
    <ClCompile Include="C:\Users\Alex\Desktop\comp3501\test final\EnvMapDemo\camera.cpp">
      <Filter>Source Files</Filter>
    </ClCompile>
    <ClCompile Include="C:\Users\Alex\Desktop\comp3501\test final\EnvMapDemo\game.cpp">
      <Filter>Source Files</Filter>
    </ClCompile>
    <ClCompile Include="C:\Users\Alex\Desktop\comp3501\test final\EnvMapDemo\main.cpp">
      <Filter>Source Files</Filter>
    </ClCompile>
    <ClCompile Include="C:\Users\Alex\Desktop\comp3501\test final\EnvMapDemo\resource.cpp">
      <Filter>Source Files</Filter>
    </ClCompile>
    <ClCompile Include="C:\Users\Alex\Desktop\comp3501\test final\EnvMapDemo\resource_manager.cpp">
      <Filter>Source Files</Filter>
    </ClCompile>
    <ClCompile Include="C:\Users\Alex\Desktop\comp3501\test final\EnvMapDemo\scene_graph.cpp">
      <Filter>Source Files</Filter>
    </ClCompile>
    <ClCompile Include="C:\Users\Alex\Desktop\comp3501\test final\EnvMapDemo\scene_node.cpp">
      <Filter>Source Files</Filter>
    </ClCompile>
  </ItemGroup>
  <ItemGroup>
    <ClInclude Include="C:\Users\Alex\Desktop\comp3501\test final\EnvMapDemo\asteroid.h">
      <Filter>Header Files</Filter>
    </ClInclude>
    <ClInclude Include="C:\Users\Alex\Desktop\comp3501\test final\EnvMapDemo\camera.h">
      <Filter>Header Files</Filter>
    </ClInclude>
    <ClInclude Include="C:\Users\Alex\Desktop\comp3501\test final\EnvMapDemo\game.h">
      <Filter>Header Files</Filter>
    </ClInclude>
    <ClInclude Include="C:\Users\Alex\Desktop\comp3501\test final\EnvMapDemo\model_loader.h">
      <Filter>Header Files</Filter>
    </ClInclude>
    <ClInclude Include="C:\Users\Alex\Desktop\comp3501\test final\EnvMapDemo\resource.h">
      <Filter>Header Files</Filter>
    </ClInclude>
    <ClInclude Include="C:\Users\Alex\Desktop\comp3501\test final\EnvMapDemo\resource_manager.h">
      <Filter>Header Files</Filter>
    </ClInclude>
    <ClInclude Include="C:\Users\Alex\Desktop\comp3501\test final\EnvMapDemo\scene_graph.h">
      <Filter>Header Files</Filter>
    </ClInclude>
    <ClInclude Include="C:\Users\Alex\Desktop\comp3501\test final\EnvMapDemo\scene_node.h">
      <Filter>Header Files</Filter>
    </ClInclude>
  </ItemGroup>
  <ItemGroup>
    <None Include="C:\Users\Alex\Desktop\comp3501\test final\EnvMapDemo\material_fp.glsl" />
    <None Include="C:\Users\Alex\Desktop\comp3501\test final\EnvMapDemo\material_vp.glsl" />
    <None Include="C:\Users\Alex\Desktop\comp3501\test final\EnvMapDemo\metal_fp.glsl" />
    <None Include="C:\Users\Alex\Desktop\comp3501\test final\EnvMapDemo\metal_vp.glsl" />
    <None Include="C:\Users\Alex\Desktop\comp3501\test final\EnvMapDemo\plastic_fp.glsl" />
    <None Include="C:\Users\Alex\Desktop\comp3501\test final\EnvMapDemo\plastic_vp.glsl" />
    <None Include="C:\Users\Alex\Desktop\comp3501\test final\EnvMapDemo\textured_material_fp.glsl" />
    <None Include="C:\Users\Alex\Desktop\comp3501\test final\EnvMapDemo\textured_material_vp.glsl" />
    <None Include="C:\Users\Alex\Desktop\comp3501\test final\EnvMapDemo\three-term_shiny_blue_fp.glsl" />
    <None Include="C:\Users\Alex\Desktop\comp3501\test final\EnvMapDemo\three-term_shiny_blue_vp.glsl" />
    <None Include="C:\Users\Alex\Desktop\comp3501\test final\EnvMapDemo\normal_map_vp.glsl" />
    <None Include="C:\Users\Alex\Desktop\comp3501\test final\EnvMapDemo\normal_map_fp.glsl" />
    <None Include="C:\Users\Alex\Desktop\comp3501\test final\EnvMapDemo\screen_space_vp.glsl" />
    <None Include="C:\Users\Alex\Desktop\comp3501\test final\EnvMapDemo\screen_space_fp.glsl" />
    <None Include="C:\Users\Alex\Desktop\comp3501\test final\EnvMapDemo\particle_vp.glsl" />
    <None Include="C:\Users\Alex\Desktop\comp3501\test final\EnvMapDemo\particle_fp.glsl" />
    <None Include="C:\Users\Alex\Desktop\comp3501\test final\EnvMapDemo\particle_gp.glsl" />
    <None Include="C:\Users\Alex\Desktop\comp3501\test final\EnvMapDemo\fire_vp.glsl" />
    <None Include="C:\Users\Alex\Desktop\comp3501\test final\EnvMapDemo\fire_gp.glsl" />
    <None Include="C:\Users\Alex\Desktop\comp3501\test final\EnvMapDemo\fire_fp.glsl" />
    <None Include="C:\Users\Alex\Desktop\comp3501\test final\EnvMapDemo\skybox_vp.glsl" />
    <None Include="C:\Users\Alex\Desktop\comp3501\test final\EnvMapDemo\skybox_fp.glsl" />
    <None Include="C:\Users\Alex\Desktop\comp3501\test final\EnvMapDemo\envmap_vp.glsl" />
    <None Include="C:\Users\Alex\Desktop\comp3501\test final\EnvMapDemo\envmap_fp.glsl" />
  </ItemGroup>
  <ItemGroup>
    <Filter Include="Header Files">
      <UniqueIdentifier>{AE20B72A-BBC7-3594-B2C1-5461CAC3C865}</UniqueIdentifier>
    </Filter>
    <Filter Include="Source Files">
      <UniqueIdentifier>{6F16BA98-8272-370E-9800-83C75003FE80}</UniqueIdentifier>
    </Filter>
  </ItemGroup>
</Project>
